
Microsoft Visual Studio Solution File, Format Version 12.00
# Visual Studio Version 17
VisualStudioVersion = 17.11.35219.272
MinimumVisualStudioVersion = 10.0.40219.1
Project("{FAE04EC0-301F-11D3-BF4B-00C04F79EFBC}") = "BleBoxAirSensorSim", "BleBoxAirSensorSim\BleBoxAirSensorSim.csproj", "{DE00F58F-A217-4B50-A512-BA4359109CB5}"
EndProject
Global
	GlobalSection(SolutionConfigurationPlatforms) = preSolution
		Debug|Any CPU = Debug|Any CPU
		Release|Any CPU = Release|Any CPU
	EndGlobalSection
	GlobalSection(ProjectConfigurationPlatforms) = postSolution
		{DE00F58F-A217-4B50-A512-BA4359109CB5}.Debug|Any CPU.ActiveCfg = Debug|Any CPU
		{DE00F58F-A217-4B50-A512-BA4359109CB5}.Debug|Any CPU.Build.0 = Debug|Any CPU
		{DE00F58F-A217-4B50-A512-BA4359109CB5}.Release|Any CPU.ActiveCfg = Release|Any CPU
		{DE00F58F-A217-4B50-A512-BA4359109CB5}.Release|Any CPU.Build.0 = Release|Any CPU
	EndGlobalSection
	GlobalSection(SolutionProperties) = preSolution
		HideSolutionNode = FALSE
	EndGlobalSection
	GlobalSection(ExtensibilityGlobals) = postSolution
		SolutionGuid = {7A1DA615-0AA8-4AE3-AA60-87D18084A8CD}
	EndGlobalSection
EndGlobal
